
Microsoft Visual Studio Solution File, Format Version 12.00
# Visual Studio 14
VisualStudioVersion = 14.0.25420.1
MinimumVisualStudioVersion = 10.0.40219.1
Project("{FAE04EC0-301F-11D3-BF4B-00C04F79EFBC}") = "Arrays", "C-Sharp Eductional Practice\Arrays.csproj", "{A2AF266A-3179-430E-BBB7-DCCCEE9878D5}"
EndProject
Project("{FAE04EC0-301F-11D3-BF4B-00C04F79EFBC}") = "Matrix", "Matrix\Matrix.csproj", "{6BAEB47E-AFD3-4CD8-8A42-021FFFE6372C}"
EndProject
Project("{FAE04EC0-301F-11D3-BF4B-00C04F79EFBC}") = "String", "String\String.csproj", "{DD214717-8746-4A37-97FD-FA23B8E1F070}"
EndProject
Project("{FAE04EC0-301F-11D3-BF4B-00C04F79EFBC}") = "Book", "Book\Book.csproj", "{E23381CD-B45A-4EB9-B882-FBBFE658EF9B}"
EndProject
Project("{FAE04EC0-301F-11D3-BF4B-00C04F79EFBC}") = "HumanInheritance", "HumanInheritance\HumanInheritance.csproj", "{6783ABF4-4F79-410E-B0BA-CBC2793F6B62}"
EndProject
Global
	GlobalSection(SolutionConfigurationPlatforms) = preSolution
		Debug|Any CPU = Debug|Any CPU
		Debug|x64 = Debug|x64
		Debug|x86 = Debug|x86
		Release|Any CPU = Release|Any CPU
		Release|x64 = Release|x64
		Release|x86 = Release|x86
	EndGlobalSection
	GlobalSection(ProjectConfigurationPlatforms) = postSolution
		{A2AF266A-3179-430E-BBB7-DCCCEE9878D5}.Debug|Any CPU.ActiveCfg = Debug|Any CPU
		{A2AF266A-3179-430E-BBB7-DCCCEE9878D5}.Debug|Any CPU.Build.0 = Debug|Any CPU
		{A2AF266A-3179-430E-BBB7-DCCCEE9878D5}.Debug|x64.ActiveCfg = Debug|Any CPU
		{A2AF266A-3179-430E-BBB7-DCCCEE9878D5}.Debug|x64.Build.0 = Debug|Any CPU
		{A2AF266A-3179-430E-BBB7-DCCCEE9878D5}.Debug|x86.ActiveCfg = Debug|Any CPU
		{A2AF266A-3179-430E-BBB7-DCCCEE9878D5}.Debug|x86.Build.0 = Debug|Any CPU
		{A2AF266A-3179-430E-BBB7-DCCCEE9878D5}.Release|Any CPU.ActiveCfg = Release|Any CPU
		{A2AF266A-3179-430E-BBB7-DCCCEE9878D5}.Release|Any CPU.Build.0 = Release|Any CPU
		{A2AF266A-3179-430E-BBB7-DCCCEE9878D5}.Release|x64.ActiveCfg = Release|Any CPU
		{A2AF266A-3179-430E-BBB7-DCCCEE9878D5}.Release|x64.Build.0 = Release|Any CPU
		{A2AF266A-3179-430E-BBB7-DCCCEE9878D5}.Release|x86.ActiveCfg = Release|Any CPU
		{A2AF266A-3179-430E-BBB7-DCCCEE9878D5}.Release|x86.Build.0 = Release|Any CPU
		{6BAEB47E-AFD3-4CD8-8A42-021FFFE6372C}.Debug|Any CPU.ActiveCfg = Debug|Any CPU
		{6BAEB47E-AFD3-4CD8-8A42-021FFFE6372C}.Debug|Any CPU.Build.0 = Debug|Any CPU
		{6BAEB47E-AFD3-4CD8-8A42-021FFFE6372C}.Debug|x64.ActiveCfg = Debug|Any CPU
		{6BAEB47E-AFD3-4CD8-8A42-021FFFE6372C}.Debug|x64.Build.0 = Debug|Any CPU
		{6BAEB47E-AFD3-4CD8-8A42-021FFFE6372C}.Debug|x86.ActiveCfg = Debug|Any CPU
		{6BAEB47E-AFD3-4CD8-8A42-021FFFE6372C}.Debug|x86.Build.0 = Debug|Any CPU
		{6BAEB47E-AFD3-4CD8-8A42-021FFFE6372C}.Release|Any CPU.ActiveCfg = Release|Any CPU
		{6BAEB47E-AFD3-4CD8-8A42-021FFFE6372C}.Release|Any CPU.Build.0 = Release|Any CPU
		{6BAEB47E-AFD3-4CD8-8A42-021FFFE6372C}.Release|x64.ActiveCfg = Release|Any CPU
		{6BAEB47E-AFD3-4CD8-8A42-021FFFE6372C}.Release|x64.Build.0 = Release|Any CPU
		{6BAEB47E-AFD3-4CD8-8A42-021FFFE6372C}.Release|x86.ActiveCfg = Release|Any CPU
		{6BAEB47E-AFD3-4CD8-8A42-021FFFE6372C}.Release|x86.Build.0 = Release|Any CPU
		{DD214717-8746-4A37-97FD-FA23B8E1F070}.Debug|Any CPU.ActiveCfg = Debug|Any CPU
		{DD214717-8746-4A37-97FD-FA23B8E1F070}.Debug|Any CPU.Build.0 = Debug|Any CPU
		{DD214717-8746-4A37-97FD-FA23B8E1F070}.Debug|x64.ActiveCfg = Debug|Any CPU
		{DD214717-8746-4A37-97FD-FA23B8E1F070}.Debug|x64.Build.0 = Debug|Any CPU
		{DD214717-8746-4A37-97FD-FA23B8E1F070}.Debug|x86.ActiveCfg = Debug|Any CPU
		{DD214717-8746-4A37-97FD-FA23B8E1F070}.Debug|x86.Build.0 = Debug|Any CPU
		{DD214717-8746-4A37-97FD-FA23B8E1F070}.Release|Any CPU.ActiveCfg = Release|Any CPU
		{DD214717-8746-4A37-97FD-FA23B8E1F070}.Release|Any CPU.Build.0 = Release|Any CPU
		{DD214717-8746-4A37-97FD-FA23B8E1F070}.Release|x64.ActiveCfg = Release|Any CPU
		{DD214717-8746-4A37-97FD-FA23B8E1F070}.Release|x64.Build.0 = Release|Any CPU
		{DD214717-8746-4A37-97FD-FA23B8E1F070}.Release|x86.ActiveCfg = Release|Any CPU
		{DD214717-8746-4A37-97FD-FA23B8E1F070}.Release|x86.Build.0 = Release|Any CPU
		{E23381CD-B45A-4EB9-B882-FBBFE658EF9B}.Debug|Any CPU.ActiveCfg = Debug|Any CPU
		{E23381CD-B45A-4EB9-B882-FBBFE658EF9B}.Debug|Any CPU.Build.0 = Debug|Any CPU
		{E23381CD-B45A-4EB9-B882-FBBFE658EF9B}.Debug|x64.ActiveCfg = Debug|Any CPU
		{E23381CD-B45A-4EB9-B882-FBBFE658EF9B}.Debug|x64.Build.0 = Debug|Any CPU
		{E23381CD-B45A-4EB9-B882-FBBFE658EF9B}.Debug|x86.ActiveCfg = Debug|Any CPU
		{E23381CD-B45A-4EB9-B882-FBBFE658EF9B}.Debug|x86.Build.0 = Debug|Any CPU
		{E23381CD-B45A-4EB9-B882-FBBFE658EF9B}.Release|Any CPU.ActiveCfg = Release|Any CPU
		{E23381CD-B45A-4EB9-B882-FBBFE658EF9B}.Release|Any CPU.Build.0 = Release|Any CPU
		{E23381CD-B45A-4EB9-B882-FBBFE658EF9B}.Release|x64.ActiveCfg = Release|Any CPU
		{E23381CD-B45A-4EB9-B882-FBBFE658EF9B}.Release|x64.Build.0 = Release|Any CPU
		{E23381CD-B45A-4EB9-B882-FBBFE658EF9B}.Release|x86.ActiveCfg = Release|Any CPU
		{E23381CD-B45A-4EB9-B882-FBBFE658EF9B}.Release|x86.Build.0 = Release|Any CPU
		{6783ABF4-4F79-410E-B0BA-CBC2793F6B62}.Debug|Any CPU.ActiveCfg = Debug|Any CPU
		{6783ABF4-4F79-410E-B0BA-CBC2793F6B62}.Debug|Any CPU.Build.0 = Debug|Any CPU
		{6783ABF4-4F79-410E-B0BA-CBC2793F6B62}.Debug|x64.ActiveCfg = Debug|Any CPU
		{6783ABF4-4F79-410E-B0BA-CBC2793F6B62}.Debug|x64.Build.0 = Debug|Any CPU
		{6783ABF4-4F79-410E-B0BA-CBC2793F6B62}.Debug|x86.ActiveCfg = Debug|Any CPU
		{6783ABF4-4F79-410E-B0BA-CBC2793F6B62}.Debug|x86.Build.0 = Debug|Any CPU
		{6783ABF4-4F79-410E-B0BA-CBC2793F6B62}.Release|Any CPU.ActiveCfg = Release|Any CPU
		{6783ABF4-4F79-410E-B0BA-CBC2793F6B62}.Release|Any CPU.Build.0 = Release|Any CPU
		{6783ABF4-4F79-410E-B0BA-CBC2793F6B62}.Release|x64.ActiveCfg = Release|Any CPU
		{6783ABF4-4F79-410E-B0BA-CBC2793F6B62}.Release|x64.Build.0 = Release|Any CPU
		{6783ABF4-4F79-410E-B0BA-CBC2793F6B62}.Release|x86.ActiveCfg = Release|Any CPU
		{6783ABF4-4F79-410E-B0BA-CBC2793F6B62}.Release|x86.Build.0 = Release|Any CPU
	EndGlobalSection
	GlobalSection(SolutionProperties) = preSolution
		HideSolutionNode = FALSE
	EndGlobalSection
EndGlobal
