
Microsoft Visual Studio Solution File, Format Version 12.00
# Visual Studio 14
VisualStudioVersion = 14.0.25420.1
MinimumVisualStudioVersion = 10.0.40219.1
Project("{FAE04EC0-301F-11D3-BF4B-00C04F79EFBC}") = "Arrays", "C-Sharp Eductional Practice\Arrays.csproj", "{A2AF266A-3179-430E-BBB7-DCCCEE9878D5}"
EndProject
Project("{FAE04EC0-301F-11D3-BF4B-00C04F79EFBC}") = "Matrix", "Matrix\Matrix.csproj", "{6BAEB47E-AFD3-4CD8-8A42-021FFFE6372C}"
EndProject
Project("{FAE04EC0-301F-11D3-BF4B-00C04F79EFBC}") = "String", "String\String.csproj", "{DD214717-8746-4A37-97FD-FA23B8E1F070}"
EndProject
Project("{FAE04EC0-301F-11D3-BF4B-00C04F79EFBC}") = "Book", "Book\Book.csproj", "{E23381CD-B45A-4EB9-B882-FBBFE658EF9B}"
EndProject
Project("{FAE04EC0-301F-11D3-BF4B-00C04F79EFBC}") = "HumanInheritance", "HumanInheritance\HumanInheritance.csproj", "{6783ABF4-4F79-410E-B0BA-CBC2793F6B62}"
EndProject
Project("{FAE04EC0-301F-11D3-BF4B-00C04F79EFBC}") = "Vector", "Vector\Vector.csproj", "{AADD9ECF-949F-41E1-AFE9-241749972338}"
EndProject
Project("{FAE04EC0-301F-11D3-BF4B-00C04F79EFBC}") = "HumanUnitTest", "HumanUnitTest\HumanUnitTest.csproj", "{AAA81D92-20CE-4F02-A78C-9F735C8EE37A}"
EndProject
Project("{FAE04EC0-301F-11D3-BF4B-00C04F79EFBC}") = "SecondUnitTest", "SecondUnitTest\SecondUnitTest.csproj", "{AF73D428-ACDD-4E53-AB49-BC985763D42C}"
EndProject
Project("{FAE04EC0-301F-11D3-BF4B-00C04F79EFBC}") = "UnhandledException", "UnhandledException\UnhandledException.csproj", "{1C3D0763-5E71-4DF4-8EA2-EDE65DE6A490}"
EndProject
Project("{FAE04EC0-301F-11D3-BF4B-00C04F79EFBC}") = "IOSystem", "IOSystem\IOSystem.csproj", "{5C302DCB-056A-4632-8789-352F4C693BBE}"
EndProject
Global
	GlobalSection(SolutionConfigurationPlatforms) = preSolution
		Debug|Any CPU = Debug|Any CPU
		Debug|ARM = Debug|ARM
		Debug|x64 = Debug|x64
		Debug|x86 = Debug|x86
		Release|Any CPU = Release|Any CPU
		Release|ARM = Release|ARM
		Release|x64 = Release|x64
		Release|x86 = Release|x86
	EndGlobalSection
	GlobalSection(ProjectConfigurationPlatforms) = postSolution
		{A2AF266A-3179-430E-BBB7-DCCCEE9878D5}.Debug|Any CPU.ActiveCfg = Debug|Any CPU
		{A2AF266A-3179-430E-BBB7-DCCCEE9878D5}.Debug|Any CPU.Build.0 = Debug|Any CPU
		{A2AF266A-3179-430E-BBB7-DCCCEE9878D5}.Debug|ARM.ActiveCfg = Debug|Any CPU
		{A2AF266A-3179-430E-BBB7-DCCCEE9878D5}.Debug|ARM.Build.0 = Debug|Any CPU
		{A2AF266A-3179-430E-BBB7-DCCCEE9878D5}.Debug|x64.ActiveCfg = Debug|Any CPU
		{A2AF266A-3179-430E-BBB7-DCCCEE9878D5}.Debug|x64.Build.0 = Debug|Any CPU
		{A2AF266A-3179-430E-BBB7-DCCCEE9878D5}.Debug|x86.ActiveCfg = Debug|Any CPU
		{A2AF266A-3179-430E-BBB7-DCCCEE9878D5}.Debug|x86.Build.0 = Debug|Any CPU
		{A2AF266A-3179-430E-BBB7-DCCCEE9878D5}.Release|Any CPU.ActiveCfg = Release|Any CPU
		{A2AF266A-3179-430E-BBB7-DCCCEE9878D5}.Release|Any CPU.Build.0 = Release|Any CPU
		{A2AF266A-3179-430E-BBB7-DCCCEE9878D5}.Release|ARM.ActiveCfg = Release|Any CPU
		{A2AF266A-3179-430E-BBB7-DCCCEE9878D5}.Release|ARM.Build.0 = Release|Any CPU
		{A2AF266A-3179-430E-BBB7-DCCCEE9878D5}.Release|x64.ActiveCfg = Release|Any CPU
		{A2AF266A-3179-430E-BBB7-DCCCEE9878D5}.Release|x64.Build.0 = Release|Any CPU
		{A2AF266A-3179-430E-BBB7-DCCCEE9878D5}.Release|x86.ActiveCfg = Release|Any CPU
		{A2AF266A-3179-430E-BBB7-DCCCEE9878D5}.Release|x86.Build.0 = Release|Any CPU
		{6BAEB47E-AFD3-4CD8-8A42-021FFFE6372C}.Debug|Any CPU.ActiveCfg = Debug|Any CPU
		{6BAEB47E-AFD3-4CD8-8A42-021FFFE6372C}.Debug|Any CPU.Build.0 = Debug|Any CPU
		{6BAEB47E-AFD3-4CD8-8A42-021FFFE6372C}.Debug|ARM.ActiveCfg = Debug|Any CPU
		{6BAEB47E-AFD3-4CD8-8A42-021FFFE6372C}.Debug|ARM.Build.0 = Debug|Any CPU
		{6BAEB47E-AFD3-4CD8-8A42-021FFFE6372C}.Debug|x64.ActiveCfg = Debug|Any CPU
		{6BAEB47E-AFD3-4CD8-8A42-021FFFE6372C}.Debug|x64.Build.0 = Debug|Any CPU
		{6BAEB47E-AFD3-4CD8-8A42-021FFFE6372C}.Debug|x86.ActiveCfg = Debug|Any CPU
		{6BAEB47E-AFD3-4CD8-8A42-021FFFE6372C}.Debug|x86.Build.0 = Debug|Any CPU
		{6BAEB47E-AFD3-4CD8-8A42-021FFFE6372C}.Release|Any CPU.ActiveCfg = Release|Any CPU
		{6BAEB47E-AFD3-4CD8-8A42-021FFFE6372C}.Release|Any CPU.Build.0 = Release|Any CPU
		{6BAEB47E-AFD3-4CD8-8A42-021FFFE6372C}.Release|ARM.ActiveCfg = Release|Any CPU
		{6BAEB47E-AFD3-4CD8-8A42-021FFFE6372C}.Release|ARM.Build.0 = Release|Any CPU
		{6BAEB47E-AFD3-4CD8-8A42-021FFFE6372C}.Release|x64.ActiveCfg = Release|Any CPU
		{6BAEB47E-AFD3-4CD8-8A42-021FFFE6372C}.Release|x64.Build.0 = Release|Any CPU
		{6BAEB47E-AFD3-4CD8-8A42-021FFFE6372C}.Release|x86.ActiveCfg = Release|Any CPU
		{6BAEB47E-AFD3-4CD8-8A42-021FFFE6372C}.Release|x86.Build.0 = Release|Any CPU
		{DD214717-8746-4A37-97FD-FA23B8E1F070}.Debug|Any CPU.ActiveCfg = Debug|Any CPU
		{DD214717-8746-4A37-97FD-FA23B8E1F070}.Debug|Any CPU.Build.0 = Debug|Any CPU
		{DD214717-8746-4A37-97FD-FA23B8E1F070}.Debug|ARM.ActiveCfg = Debug|Any CPU
		{DD214717-8746-4A37-97FD-FA23B8E1F070}.Debug|ARM.Build.0 = Debug|Any CPU
		{DD214717-8746-4A37-97FD-FA23B8E1F070}.Debug|x64.ActiveCfg = Debug|Any CPU
		{DD214717-8746-4A37-97FD-FA23B8E1F070}.Debug|x64.Build.0 = Debug|Any CPU
		{DD214717-8746-4A37-97FD-FA23B8E1F070}.Debug|x86.ActiveCfg = Debug|Any CPU
		{DD214717-8746-4A37-97FD-FA23B8E1F070}.Debug|x86.Build.0 = Debug|Any CPU
		{DD214717-8746-4A37-97FD-FA23B8E1F070}.Release|Any CPU.ActiveCfg = Release|Any CPU
		{DD214717-8746-4A37-97FD-FA23B8E1F070}.Release|Any CPU.Build.0 = Release|Any CPU
		{DD214717-8746-4A37-97FD-FA23B8E1F070}.Release|ARM.ActiveCfg = Release|Any CPU
		{DD214717-8746-4A37-97FD-FA23B8E1F070}.Release|ARM.Build.0 = Release|Any CPU
		{DD214717-8746-4A37-97FD-FA23B8E1F070}.Release|x64.ActiveCfg = Release|Any CPU
		{DD214717-8746-4A37-97FD-FA23B8E1F070}.Release|x64.Build.0 = Release|Any CPU
		{DD214717-8746-4A37-97FD-FA23B8E1F070}.Release|x86.ActiveCfg = Release|Any CPU
		{DD214717-8746-4A37-97FD-FA23B8E1F070}.Release|x86.Build.0 = Release|Any CPU
		{E23381CD-B45A-4EB9-B882-FBBFE658EF9B}.Debug|Any CPU.ActiveCfg = Debug|Any CPU
		{E23381CD-B45A-4EB9-B882-FBBFE658EF9B}.Debug|Any CPU.Build.0 = Debug|Any CPU
		{E23381CD-B45A-4EB9-B882-FBBFE658EF9B}.Debug|ARM.ActiveCfg = Debug|Any CPU
		{E23381CD-B45A-4EB9-B882-FBBFE658EF9B}.Debug|ARM.Build.0 = Debug|Any CPU
		{E23381CD-B45A-4EB9-B882-FBBFE658EF9B}.Debug|x64.ActiveCfg = Debug|Any CPU
		{E23381CD-B45A-4EB9-B882-FBBFE658EF9B}.Debug|x64.Build.0 = Debug|Any CPU
		{E23381CD-B45A-4EB9-B882-FBBFE658EF9B}.Debug|x86.ActiveCfg = Debug|Any CPU
		{E23381CD-B45A-4EB9-B882-FBBFE658EF9B}.Debug|x86.Build.0 = Debug|Any CPU
		{E23381CD-B45A-4EB9-B882-FBBFE658EF9B}.Release|Any CPU.ActiveCfg = Release|Any CPU
		{E23381CD-B45A-4EB9-B882-FBBFE658EF9B}.Release|Any CPU.Build.0 = Release|Any CPU
		{E23381CD-B45A-4EB9-B882-FBBFE658EF9B}.Release|ARM.ActiveCfg = Release|Any CPU
		{E23381CD-B45A-4EB9-B882-FBBFE658EF9B}.Release|ARM.Build.0 = Release|Any CPU
		{E23381CD-B45A-4EB9-B882-FBBFE658EF9B}.Release|x64.ActiveCfg = Release|Any CPU
		{E23381CD-B45A-4EB9-B882-FBBFE658EF9B}.Release|x64.Build.0 = Release|Any CPU
		{E23381CD-B45A-4EB9-B882-FBBFE658EF9B}.Release|x86.ActiveCfg = Release|Any CPU
		{E23381CD-B45A-4EB9-B882-FBBFE658EF9B}.Release|x86.Build.0 = Release|Any CPU
		{6783ABF4-4F79-410E-B0BA-CBC2793F6B62}.Debug|Any CPU.ActiveCfg = Debug|Any CPU
		{6783ABF4-4F79-410E-B0BA-CBC2793F6B62}.Debug|Any CPU.Build.0 = Debug|Any CPU
		{6783ABF4-4F79-410E-B0BA-CBC2793F6B62}.Debug|ARM.ActiveCfg = Debug|Any CPU
		{6783ABF4-4F79-410E-B0BA-CBC2793F6B62}.Debug|ARM.Build.0 = Debug|Any CPU
		{6783ABF4-4F79-410E-B0BA-CBC2793F6B62}.Debug|x64.ActiveCfg = Debug|Any CPU
		{6783ABF4-4F79-410E-B0BA-CBC2793F6B62}.Debug|x64.Build.0 = Debug|Any CPU
		{6783ABF4-4F79-410E-B0BA-CBC2793F6B62}.Debug|x86.ActiveCfg = Debug|Any CPU
		{6783ABF4-4F79-410E-B0BA-CBC2793F6B62}.Debug|x86.Build.0 = Debug|Any CPU
		{6783ABF4-4F79-410E-B0BA-CBC2793F6B62}.Release|Any CPU.ActiveCfg = Release|Any CPU
		{6783ABF4-4F79-410E-B0BA-CBC2793F6B62}.Release|Any CPU.Build.0 = Release|Any CPU
		{6783ABF4-4F79-410E-B0BA-CBC2793F6B62}.Release|ARM.ActiveCfg = Release|Any CPU
		{6783ABF4-4F79-410E-B0BA-CBC2793F6B62}.Release|ARM.Build.0 = Release|Any CPU
		{6783ABF4-4F79-410E-B0BA-CBC2793F6B62}.Release|x64.ActiveCfg = Release|Any CPU
		{6783ABF4-4F79-410E-B0BA-CBC2793F6B62}.Release|x64.Build.0 = Release|Any CPU
		{6783ABF4-4F79-410E-B0BA-CBC2793F6B62}.Release|x86.ActiveCfg = Release|Any CPU
		{6783ABF4-4F79-410E-B0BA-CBC2793F6B62}.Release|x86.Build.0 = Release|Any CPU
		{AADD9ECF-949F-41E1-AFE9-241749972338}.Debug|Any CPU.ActiveCfg = Debug|Any CPU
		{AADD9ECF-949F-41E1-AFE9-241749972338}.Debug|Any CPU.Build.0 = Debug|Any CPU
		{AADD9ECF-949F-41E1-AFE9-241749972338}.Debug|ARM.ActiveCfg = Debug|Any CPU
		{AADD9ECF-949F-41E1-AFE9-241749972338}.Debug|ARM.Build.0 = Debug|Any CPU
		{AADD9ECF-949F-41E1-AFE9-241749972338}.Debug|x64.ActiveCfg = Debug|Any CPU
		{AADD9ECF-949F-41E1-AFE9-241749972338}.Debug|x64.Build.0 = Debug|Any CPU
		{AADD9ECF-949F-41E1-AFE9-241749972338}.Debug|x86.ActiveCfg = Debug|Any CPU
		{AADD9ECF-949F-41E1-AFE9-241749972338}.Debug|x86.Build.0 = Debug|Any CPU
		{AADD9ECF-949F-41E1-AFE9-241749972338}.Release|Any CPU.ActiveCfg = Release|Any CPU
		{AADD9ECF-949F-41E1-AFE9-241749972338}.Release|Any CPU.Build.0 = Release|Any CPU
		{AADD9ECF-949F-41E1-AFE9-241749972338}.Release|ARM.ActiveCfg = Release|Any CPU
		{AADD9ECF-949F-41E1-AFE9-241749972338}.Release|ARM.Build.0 = Release|Any CPU
		{AADD9ECF-949F-41E1-AFE9-241749972338}.Release|x64.ActiveCfg = Release|Any CPU
		{AADD9ECF-949F-41E1-AFE9-241749972338}.Release|x64.Build.0 = Release|Any CPU
		{AADD9ECF-949F-41E1-AFE9-241749972338}.Release|x86.ActiveCfg = Release|Any CPU
		{AADD9ECF-949F-41E1-AFE9-241749972338}.Release|x86.Build.0 = Release|Any CPU
		{AAA81D92-20CE-4F02-A78C-9F735C8EE37A}.Debug|Any CPU.ActiveCfg = Debug|x86
		{AAA81D92-20CE-4F02-A78C-9F735C8EE37A}.Debug|ARM.ActiveCfg = Debug|ARM
		{AAA81D92-20CE-4F02-A78C-9F735C8EE37A}.Debug|ARM.Build.0 = Debug|ARM
		{AAA81D92-20CE-4F02-A78C-9F735C8EE37A}.Debug|ARM.Deploy.0 = Debug|ARM
		{AAA81D92-20CE-4F02-A78C-9F735C8EE37A}.Debug|x64.ActiveCfg = Debug|x64
		{AAA81D92-20CE-4F02-A78C-9F735C8EE37A}.Debug|x64.Build.0 = Debug|x64
		{AAA81D92-20CE-4F02-A78C-9F735C8EE37A}.Debug|x64.Deploy.0 = Debug|x64
		{AAA81D92-20CE-4F02-A78C-9F735C8EE37A}.Debug|x86.ActiveCfg = Debug|x86
		{AAA81D92-20CE-4F02-A78C-9F735C8EE37A}.Debug|x86.Build.0 = Debug|x86
		{AAA81D92-20CE-4F02-A78C-9F735C8EE37A}.Debug|x86.Deploy.0 = Debug|x86
		{AAA81D92-20CE-4F02-A78C-9F735C8EE37A}.Release|Any CPU.ActiveCfg = Release|x86
		{AAA81D92-20CE-4F02-A78C-9F735C8EE37A}.Release|ARM.ActiveCfg = Release|ARM
		{AAA81D92-20CE-4F02-A78C-9F735C8EE37A}.Release|ARM.Build.0 = Release|ARM
		{AAA81D92-20CE-4F02-A78C-9F735C8EE37A}.Release|ARM.Deploy.0 = Release|ARM
		{AAA81D92-20CE-4F02-A78C-9F735C8EE37A}.Release|x64.ActiveCfg = Release|x64
		{AAA81D92-20CE-4F02-A78C-9F735C8EE37A}.Release|x64.Build.0 = Release|x64
		{AAA81D92-20CE-4F02-A78C-9F735C8EE37A}.Release|x64.Deploy.0 = Release|x64
		{AAA81D92-20CE-4F02-A78C-9F735C8EE37A}.Release|x86.ActiveCfg = Release|x86
		{AAA81D92-20CE-4F02-A78C-9F735C8EE37A}.Release|x86.Build.0 = Release|x86
		{AAA81D92-20CE-4F02-A78C-9F735C8EE37A}.Release|x86.Deploy.0 = Release|x86
		{AF73D428-ACDD-4E53-AB49-BC985763D42C}.Debug|Any CPU.ActiveCfg = Debug|Any CPU
		{AF73D428-ACDD-4E53-AB49-BC985763D42C}.Debug|Any CPU.Build.0 = Debug|Any CPU
		{AF73D428-ACDD-4E53-AB49-BC985763D42C}.Debug|ARM.ActiveCfg = Debug|Any CPU
		{AF73D428-ACDD-4E53-AB49-BC985763D42C}.Debug|ARM.Build.0 = Debug|Any CPU
		{AF73D428-ACDD-4E53-AB49-BC985763D42C}.Debug|x64.ActiveCfg = Debug|Any CPU
		{AF73D428-ACDD-4E53-AB49-BC985763D42C}.Debug|x64.Build.0 = Debug|Any CPU
		{AF73D428-ACDD-4E53-AB49-BC985763D42C}.Debug|x86.ActiveCfg = Debug|Any CPU
		{AF73D428-ACDD-4E53-AB49-BC985763D42C}.Debug|x86.Build.0 = Debug|Any CPU
		{AF73D428-ACDD-4E53-AB49-BC985763D42C}.Release|Any CPU.ActiveCfg = Release|Any CPU
		{AF73D428-ACDD-4E53-AB49-BC985763D42C}.Release|Any CPU.Build.0 = Release|Any CPU
		{AF73D428-ACDD-4E53-AB49-BC985763D42C}.Release|ARM.ActiveCfg = Release|Any CPU
		{AF73D428-ACDD-4E53-AB49-BC985763D42C}.Release|ARM.Build.0 = Release|Any CPU
		{AF73D428-ACDD-4E53-AB49-BC985763D42C}.Release|x64.ActiveCfg = Release|Any CPU
		{AF73D428-ACDD-4E53-AB49-BC985763D42C}.Release|x64.Build.0 = Release|Any CPU
		{AF73D428-ACDD-4E53-AB49-BC985763D42C}.Release|x86.ActiveCfg = Release|Any CPU
		{AF73D428-ACDD-4E53-AB49-BC985763D42C}.Release|x86.Build.0 = Release|Any CPU
		{1C3D0763-5E71-4DF4-8EA2-EDE65DE6A490}.Debug|Any CPU.ActiveCfg = Debug|Any CPU
		{1C3D0763-5E71-4DF4-8EA2-EDE65DE6A490}.Debug|Any CPU.Build.0 = Debug|Any CPU
		{1C3D0763-5E71-4DF4-8EA2-EDE65DE6A490}.Debug|ARM.ActiveCfg = Debug|Any CPU
		{1C3D0763-5E71-4DF4-8EA2-EDE65DE6A490}.Debug|ARM.Build.0 = Debug|Any CPU
		{1C3D0763-5E71-4DF4-8EA2-EDE65DE6A490}.Debug|x64.ActiveCfg = Debug|Any CPU
		{1C3D0763-5E71-4DF4-8EA2-EDE65DE6A490}.Debug|x64.Build.0 = Debug|Any CPU
		{1C3D0763-5E71-4DF4-8EA2-EDE65DE6A490}.Debug|x86.ActiveCfg = Debug|Any CPU
		{1C3D0763-5E71-4DF4-8EA2-EDE65DE6A490}.Debug|x86.Build.0 = Debug|Any CPU
		{1C3D0763-5E71-4DF4-8EA2-EDE65DE6A490}.Release|Any CPU.ActiveCfg = Release|Any CPU
		{1C3D0763-5E71-4DF4-8EA2-EDE65DE6A490}.Release|Any CPU.Build.0 = Release|Any CPU
		{1C3D0763-5E71-4DF4-8EA2-EDE65DE6A490}.Release|ARM.ActiveCfg = Release|Any CPU
		{1C3D0763-5E71-4DF4-8EA2-EDE65DE6A490}.Release|ARM.Build.0 = Release|Any CPU
		{1C3D0763-5E71-4DF4-8EA2-EDE65DE6A490}.Release|x64.ActiveCfg = Release|Any CPU
		{1C3D0763-5E71-4DF4-8EA2-EDE65DE6A490}.Release|x64.Build.0 = Release|Any CPU
		{1C3D0763-5E71-4DF4-8EA2-EDE65DE6A490}.Release|x86.ActiveCfg = Release|Any CPU
		{1C3D0763-5E71-4DF4-8EA2-EDE65DE6A490}.Release|x86.Build.0 = Release|Any CPU
		{5C302DCB-056A-4632-8789-352F4C693BBE}.Debug|Any CPU.ActiveCfg = Debug|Any CPU
		{5C302DCB-056A-4632-8789-352F4C693BBE}.Debug|Any CPU.Build.0 = Debug|Any CPU
		{5C302DCB-056A-4632-8789-352F4C693BBE}.Debug|ARM.ActiveCfg = Debug|Any CPU
		{5C302DCB-056A-4632-8789-352F4C693BBE}.Debug|ARM.Build.0 = Debug|Any CPU
		{5C302DCB-056A-4632-8789-352F4C693BBE}.Debug|x64.ActiveCfg = Debug|Any CPU
		{5C302DCB-056A-4632-8789-352F4C693BBE}.Debug|x64.Build.0 = Debug|Any CPU
		{5C302DCB-056A-4632-8789-352F4C693BBE}.Debug|x86.ActiveCfg = Debug|Any CPU
		{5C302DCB-056A-4632-8789-352F4C693BBE}.Debug|x86.Build.0 = Debug|Any CPU
		{5C302DCB-056A-4632-8789-352F4C693BBE}.Release|Any CPU.ActiveCfg = Release|Any CPU
		{5C302DCB-056A-4632-8789-352F4C693BBE}.Release|Any CPU.Build.0 = Release|Any CPU
		{5C302DCB-056A-4632-8789-352F4C693BBE}.Release|ARM.ActiveCfg = Release|Any CPU
		{5C302DCB-056A-4632-8789-352F4C693BBE}.Release|ARM.Build.0 = Release|Any CPU
		{5C302DCB-056A-4632-8789-352F4C693BBE}.Release|x64.ActiveCfg = Release|Any CPU
		{5C302DCB-056A-4632-8789-352F4C693BBE}.Release|x64.Build.0 = Release|Any CPU
		{5C302DCB-056A-4632-8789-352F4C693BBE}.Release|x86.ActiveCfg = Release|Any CPU
		{5C302DCB-056A-4632-8789-352F4C693BBE}.Release|x86.Build.0 = Release|Any CPU
	EndGlobalSection
	GlobalSection(SolutionProperties) = preSolution
		HideSolutionNode = FALSE
	EndGlobalSection
EndGlobal
